// !$*UTF8*$!
{
	archiveVersion = 1;
	classes = {
	};
	objectVersion = 56;
	objects = {

/* Begin PBXBuildFile section */
		100000000000000000000101 /* MailBillsScanApp.swift in Sources */ = {isa = PBXBuildFile; fileRef = 100000000000000000000201 /* MailBillsScanApp.swift */; };
		100000000000000000000102 /* ContentView.swift in Sources */ = {isa = PBXBuildFile; fileRef = 100000000000000000000202 /* ContentView.swift */; };
		100000000000000000000103 /* MailCategory.swift in Sources */ = {isa = PBXBuildFile; fileRef = 100000000000000000000203 /* MailCategory.swift */; };
		100000000000000000000104 /* MailItemSidecar.swift in Sources */ = {isa = PBXBuildFile; fileRef = 100000000000000000000204 /* MailItemSidecar.swift */; };
		100000000000000000000105 /* PairingPayload.swift in Sources */ = {isa = PBXBuildFile; fileRef = 100000000000000000000205 /* PairingPayload.swift */; };
		100000000000000000000106 /* BatchClock.swift in Sources */ = {isa = PBXBuildFile; fileRef = 100000000000000000000206 /* BatchClock.swift */; };
		100000000000000000000107 /* PairingStore.swift in Sources */ = {isa = PBXBuildFile; fileRef = 100000000000000000000207 /* PairingStore.swift */; };
		100000000000000000000108 /* PairingParser.swift in Sources */ = {isa = PBXBuildFile; fileRef = 100000000000000000000208 /* PairingParser.swift */; };
		100000000000000000000109 /* UploadClient.swift in Sources */ = {isa = PBXBuildFile; fileRef = 100000000000000000000209 /* UploadClient.swift */; };
		10000000000000000000010A /* PDFBuilder.swift in Sources */ = {isa = PBXBuildFile; fileRef = 10000000000000000000020A /* PDFBuilder.swift */; };
		10000000000000000000010B /* DocumentScannerView.swift in Sources */ = {isa = PBXBuildFile; fileRef = 10000000000000000000020B /* DocumentScannerView.swift */; };
		10000000000000000000010C /* PairingView.swift in Sources */ = {isa = PBXBuildFile; fileRef = 10000000000000000000020C /* PairingView.swift */; };
		10000000000000000000010D /* ScanView.swift in Sources */ = {isa = PBXBuildFile; fileRef = 10000000000000000000020D /* ScanView.swift */; };
		10000000000000000000010E /* PairingQRScannerView.swift in Sources */ = {isa = PBXBuildFile; fileRef = 10000000000000000000020F /* PairingQRScannerView.swift */; };
		10000000000000000000010F /* OutboxStore.swift in Sources */ = {isa = PBXBuildFile; fileRef = 100000000000000000000210 /* OutboxStore.swift */; };
		100000000000000000000110 /* AppTheme.swift in Sources */ = {isa = PBXBuildFile; fileRef = 100000000000000000000211 /* AppTheme.swift */; };
		100000000000000000000111 /* AppComponents.swift in Sources */ = {isa = PBXBuildFile; fileRef = 100000000000000000000212 /* AppComponents.swift */; };
		100000000000000000000112 /* Assets.xcassets in Resources */ = {isa = PBXBuildFile; fileRef = 100000000000000000000213 /* Assets.xcassets */; };
/* End PBXBuildFile section */

/* Begin PBXFileReference section */
		100000000000000000000001 /* Mail Bills Scan.app */ = {isa = PBXFileReference; explicitFileType = wrapper.application; includeInIndex = 0; path = "Mail Bills Scan.app"; sourceTree = BUILT_PRODUCTS_DIR; };
		100000000000000000000201 /* MailBillsScanApp.swift */ = {isa = PBXFileReference; lastKnownFileType = sourcecode.swift; path = MailBillsScanApp.swift; sourceTree = "<group>"; };
		100000000000000000000202 /* ContentView.swift */ = {isa = PBXFileReference; lastKnownFileType = sourcecode.swift; path = ContentView.swift; sourceTree = "<group>"; };
		100000000000000000000203 /* MailCategory.swift */ = {isa = PBXFileReference; lastKnownFileType = sourcecode.swift; path = MailCategory.swift; sourceTree = "<group>"; };
		100000000000000000000204 /* MailItemSidecar.swift */ = {isa = PBXFileReference; lastKnownFileType = sourcecode.swift; path = MailItemSidecar.swift; sourceTree = "<group>"; };
		100000000000000000000205 /* PairingPayload.swift */ = {isa = PBXFileReference; lastKnownFileType = sourcecode.swift; path = PairingPayload.swift; sourceTree = "<group>"; };
		100000000000000000000206 /* BatchClock.swift */ = {isa = PBXFileReference; lastKnownFileType = sourcecode.swift; path = BatchClock.swift; sourceTree = "<group>"; };
		100000000000000000000207 /* PairingStore.swift */ = {isa = PBXFileReference; lastKnownFileType = sourcecode.swift; path = PairingStore.swift; sourceTree = "<group>"; };
		100000000000000000000208 /* PairingParser.swift */ = {isa = PBXFileReference; lastKnownFileType = sourcecode.swift; path = PairingParser.swift; sourceTree = "<group>"; };
		100000000000000000000209 /* UploadClient.swift */ = {isa = PBXFileReference; lastKnownFileType = sourcecode.swift; path = UploadClient.swift; sourceTree = "<group>"; };
		10000000000000000000020A /* PDFBuilder.swift */ = {isa = PBXFileReference; lastKnownFileType = sourcecode.swift; path = PDFBuilder.swift; sourceTree = "<group>"; };
		10000000000000000000020B /* DocumentScannerView.swift */ = {isa = PBXFileReference; lastKnownFileType = sourcecode.swift; path = DocumentScannerView.swift; sourceTree = "<group>"; };
		10000000000000000000020C /* PairingView.swift */ = {isa = PBXFileReference; lastKnownFileType = sourcecode.swift; path = PairingView.swift; sourceTree = "<group>"; };
		10000000000000000000020D /* ScanView.swift */ = {isa = PBXFileReference; lastKnownFileType = sourcecode.swift; path = ScanView.swift; sourceTree = "<group>"; };
		10000000000000000000020E /* Info.plist */ = {isa = PBXFileReference; lastKnownFileType = text.plist.xml; path = Info.plist; sourceTree = "<group>"; };
		10000000000000000000020F /* PairingQRScannerView.swift */ = {isa = PBXFileReference; lastKnownFileType = sourcecode.swift; path = PairingQRScannerView.swift; sourceTree = "<group>"; };
		100000000000000000000210 /* OutboxStore.swift */ = {isa = PBXFileReference; lastKnownFileType = sourcecode.swift; path = OutboxStore.swift; sourceTree = "<group>"; };
		100000000000000000000211 /* AppTheme.swift */ = {isa = PBXFileReference; lastKnownFileType = sourcecode.swift; path = AppTheme.swift; sourceTree = "<group>"; };
		100000000000000000000212 /* AppComponents.swift */ = {isa = PBXFileReference; lastKnownFileType = sourcecode.swift; path = AppComponents.swift; sourceTree = "<group>"; };
		100000000000000000000213 /* Assets.xcassets */ = {isa = PBXFileReference; lastKnownFileType = folder.assetcatalog; path = Assets.xcassets; sourceTree = "<group>"; };
/* End PBXFileReference section */

/* Begin PBXFrameworksBuildPhase section */
		100000000000000000000301 /* Frameworks */ = {
			isa = PBXFrameworksBuildPhase;
			buildActionMask = 2147483647;
			files = (
			);
			runOnlyForDeploymentPostprocessing = 0;
		};
/* End PBXFrameworksBuildPhase section */

/* Begin PBXGroup section */
		100000000000000000000401 = {
			isa = PBXGroup;
			children = (
				100000000000000000000402 /* MailBillsScan */,
				100000000000000000000403 /* Products */,
			);
			sourceTree = "<group>";
		};
		100000000000000000000402 /* MailBillsScan */ = {
			isa = PBXGroup;
			children = (
				100000000000000000000201 /* MailBillsScanApp.swift */,
				100000000000000000000202 /* ContentView.swift */,
				100000000000000000000404 /* Models */,
				100000000000000000000405 /* Services */,
				100000000000000000000406 /* Views */,
				100000000000000000000407 /* Resources */,
				100000000000000000000408 /* UI */,
			);
			path = MailBillsScan;
			sourceTree = "<group>";
		};
		100000000000000000000403 /* Products */ = {
			isa = PBXGroup;
			children = (
				100000000000000000000001 /* Mail Bills Scan.app */,
			);
			name = Products;
			sourceTree = "<group>";
		};
		100000000000000000000404 /* Models */ = {
			isa = PBXGroup;
			children = (
				100000000000000000000203 /* MailCategory.swift */,
				100000000000000000000204 /* MailItemSidecar.swift */,
				100000000000000000000205 /* PairingPayload.swift */,
			);
			path = Models;
			sourceTree = "<group>";
		};
		100000000000000000000405 /* Services */ = {
			isa = PBXGroup;
			children = (
				100000000000000000000206 /* BatchClock.swift */,
				100000000000000000000207 /* PairingStore.swift */,
				100000000000000000000208 /* PairingParser.swift */,
				100000000000000000000209 /* UploadClient.swift */,
				10000000000000000000020A /* PDFBuilder.swift */,
				100000000000000000000210 /* OutboxStore.swift */,
			);
			path = Services;
			sourceTree = "<group>";
		};
		100000000000000000000406 /* Views */ = {
			isa = PBXGroup;
			children = (
				10000000000000000000020B /* DocumentScannerView.swift */,
				10000000000000000000020F /* PairingQRScannerView.swift */,
				10000000000000000000020C /* PairingView.swift */,
				10000000000000000000020D /* ScanView.swift */,
			);
			path = Views;
			sourceTree = "<group>";
		};
		100000000000000000000407 /* Resources */ = {
			isa = PBXGroup;
			children = (
				10000000000000000000020E /* Info.plist */,
				100000000000000000000213 /* Assets.xcassets */,
			);
			path = Resources;
			sourceTree = "<group>";
		};
		100000000000000000000408 /* UI */ = {
			isa = PBXGroup;
			children = (
				100000000000000000000211 /* AppTheme.swift */,
				100000000000000000000212 /* AppComponents.swift */,
			);
			path = UI;
			sourceTree = "<group>";
		};
/* End PBXGroup section */

/* Begin PBXNativeTarget section */
		100000000000000000000501 /* MailBillsScan */ = {
			isa = PBXNativeTarget;
			buildConfigurationList = 100000000000000000000601 /* Build configuration list for PBXNativeTarget "MailBillsScan" */;
			buildPhases = (
				100000000000000000000701 /* Sources */,
				100000000000000000000301 /* Frameworks */,
				100000000000000000000702 /* Resources */,
			);
			buildRules = (
			);
			dependencies = (
			);
			name = MailBillsScan;
			productName = MailBillsScan;
			productReference = 100000000000000000000001 /* Mail Bills Scan.app */;
			productType = "com.apple.product-type.application";
		};
/* End PBXNativeTarget section */

/* Begin PBXProject section */
		100000000000000000000801 /* Project object */ = {
			isa = PBXProject;
			attributes = {
				BuildIndependentTargetsInParallel = 1;
				LastSwiftUpdateCheck = 1600;
				LastUpgradeCheck = 1600;
				TargetAttributes = {
					100000000000000000000501 = {
						CreatedOnToolsVersion = 16.0;
					};
				};
			};
			buildConfigurationList = 100000000000000000000602 /* Build configuration list for PBXProject "MailBillsScan" */;
			compatibilityVersion = "Xcode 14.0";
			developmentRegion = en;
			hasScannedForEncodings = 0;
			knownRegions = (
				en,
				Base,
			);
			mainGroup = 100000000000000000000401;
			productRefGroup = 100000000000000000000403 /* Products */;
			projectDirPath = "";
			projectRoot = "";
			targets = (
				100000000000000000000501 /* MailBillsScan */,
			);
		};
/* End PBXProject section */

/* Begin PBXResourcesBuildPhase section */
		100000000000000000000702 /* Resources */ = {
			isa = PBXResourcesBuildPhase;
			buildActionMask = 2147483647;
			files = (
				100000000000000000000112 /* Assets.xcassets in Resources */,
			);
			runOnlyForDeploymentPostprocessing = 0;
		};
/* End PBXResourcesBuildPhase section */

/* Begin PBXSourcesBuildPhase section */
		100000000000000000000701 /* Sources */ = {
			isa = PBXSourcesBuildPhase;
			buildActionMask = 2147483647;
			files = (
				100000000000000000000101 /* MailBillsScanApp.swift in Sources */,
				100000000000000000000102 /* ContentView.swift in Sources */,
				100000000000000000000103 /* MailCategory.swift in Sources */,
				100000000000000000000104 /* MailItemSidecar.swift in Sources */,
				100000000000000000000105 /* PairingPayload.swift in Sources */,
				100000000000000000000106 /* BatchClock.swift in Sources */,
				100000000000000000000107 /* PairingStore.swift in Sources */,
				100000000000000000000108 /* PairingParser.swift in Sources */,
				100000000000000000000109 /* UploadClient.swift in Sources */,
				10000000000000000000010A /* PDFBuilder.swift in Sources */,
				10000000000000000000010F /* OutboxStore.swift in Sources */,
				10000000000000000000010B /* DocumentScannerView.swift in Sources */,
				10000000000000000000010E /* PairingQRScannerView.swift in Sources */,
				10000000000000000000010C /* PairingView.swift in Sources */,
				10000000000000000000010D /* ScanView.swift in Sources */,
				100000000000000000000110 /* AppTheme.swift in Sources */,
				100000000000000000000111 /* AppComponents.swift in Sources */,
			);
			runOnlyForDeploymentPostprocessing = 0;
		};
/* End PBXSourcesBuildPhase section */

/* Begin XCBuildConfiguration section */
		100000000000000000000901 /* Debug */ = {
			isa = XCBuildConfiguration;
			buildSettings = {
				ALWAYS_SEARCH_USER_PATHS = NO;
				CLANG_ANALYZER_NONNULL = YES;
				CLANG_ANALYZER_NUMBER_OBJECT_CONVERSION = YES_AGGRESSIVE;
				CLANG_CXX_LANGUAGE_STANDARD = "gnu++20";
				CLANG_ENABLE_MODULES = YES;
				CLANG_ENABLE_OBJC_ARC = YES;
				CLANG_ENABLE_OBJC_WEAK = YES;
				CLANG_WARN_BLOCK_CAPTURE_AUTORELEASING = YES;
				CLANG_WARN_BOOL_CONVERSION = YES;
				CLANG_WARN_COMMA = YES;
				CLANG_WARN_CONSTANT_CONVERSION = YES;
				CLANG_WARN_DEPRECATED_OBJC_IMPLEMENTATIONS = YES;
				CLANG_WARN_DIRECT_OBJC_ISA_USAGE = YES_ERROR;
				CLANG_WARN_DOCUMENTATION_COMMENTS = YES;
				CLANG_WARN_EMPTY_BODY = YES;
				CLANG_WARN_ENUM_CONVERSION = YES;
				CLANG_WARN_INFINITE_RECURSION = YES;
				CLANG_WARN_INT_CONVERSION = YES;
				CLANG_WARN_NON_LITERAL_NULL_CONVERSION = YES;
				CLANG_WARN_OBJC_IMPLICIT_RETAIN_SELF = YES;
				CLANG_WARN_OBJC_LITERAL_CONVERSION = YES;
				CLANG_WARN_OBJC_ROOT_CLASS = YES_ERROR;
				CLANG_WARN_QUOTED_INCLUDE_IN_FRAMEWORK_HEADER = YES;
				CLANG_WARN_RANGE_LOOP_ANALYSIS = YES;
				CLANG_WARN_STRICT_PROTOTYPES = YES;
				CLANG_WARN_SUSPICIOUS_MOVE = YES;
				CLANG_WARN_UNGUARDED_AVAILABILITY = YES_AGGRESSIVE;
				CLANG_WARN_UNREACHABLE_CODE = YES;
				CLANG_WARN__DUPLICATE_METHOD_MATCH = YES;
				COPY_PHASE_STRIP = NO;
				DEBUG_INFORMATION_FORMAT = dwarf;
				ENABLE_STRICT_OBJC_MSGSEND = YES;
				ENABLE_TESTABILITY = YES;
				ENABLE_USER_SCRIPT_SANDBOXING = YES;
				GCC_C_LANGUAGE_STANDARD = gnu17;
				GCC_DYNAMIC_NO_PIC = NO;
				GCC_NO_COMMON_BLOCKS = YES;
				GCC_OPTIMIZATION_LEVEL = 0;
				GCC_PREPROCESSOR_DEFINITIONS = (
					"DEBUG=1",
					"$(inherited)",
				);
				GCC_WARN_64_TO_32_BIT_CONVERSION = YES;
				GCC_WARN_ABOUT_RETURN_TYPE = YES_ERROR;
				GCC_WARN_UNDECLARED_SELECTOR = YES;
				GCC_WARN_UNINITIALIZED_AUTOS = YES_AGGRESSIVE;
				GCC_WARN_UNUSED_FUNCTION = YES;
				GCC_WARN_UNUSED_VARIABLE = YES;
				IPHONEOS_DEPLOYMENT_TARGET = 17.0;
				MTL_ENABLE_DEBUG_INFO = INCLUDE_SOURCE;
				MTL_FAST_MATH = YES;
				ONLY_ACTIVE_ARCH = YES;
				SDKROOT = iphoneos;
				SWIFT_ACTIVE_COMPILATION_CONDITIONS = DEBUG;
			};
			name = Debug;
		};
		100000000000000000000902 /* Release */ = {
			isa = XCBuildConfiguration;
			buildSettings = {
				ALWAYS_SEARCH_USER_PATHS = NO;
				CLANG_ANALYZER_NONNULL = YES;
				CLANG_ANALYZER_NUMBER_OBJECT_CONVERSION = YES_AGGRESSIVE;
				CLANG_CXX_LANGUAGE_STANDARD = "gnu++20";
				CLANG_ENABLE_MODULES = YES;
				CLANG_ENABLE_OBJC_ARC = YES;
				CLANG_ENABLE_OBJC_WEAK = YES;
				CLANG_WARN_BLOCK_CAPTURE_AUTORELEASING = YES;
				CLANG_WARN_BOOL_CONVERSION = YES;
				CLANG_WARN_COMMA = YES;
				CLANG_WARN_CONSTANT_CONVERSION = YES;
				CLANG_WARN_DEPRECATED_OBJC_IMPLEMENTATIONS = YES;
				CLANG_WARN_DIRECT_OBJC_ISA_USAGE = YES_ERROR;
				CLANG_WARN_DOCUMENTATION_COMMENTS = YES;
				CLANG_WARN_EMPTY_BODY = YES;
				CLANG_WARN_ENUM_CONVERSION = YES;
				CLANG_WARN_INFINITE_RECURSION = YES;
				CLANG_WARN_INT_CONVERSION = YES;
				CLANG_WARN_NON_LITERAL_NULL_CONVERSION = YES;
				CLANG_WARN_OBJC_IMPLICIT_RETAIN_SELF = YES;
				CLANG_WARN_OBJC_LITERAL_CONVERSION = YES;
				CLANG_WARN_OBJC_ROOT_CLASS = YES_ERROR;
				CLANG_WARN_QUOTED_INCLUDE_IN_FRAMEWORK_HEADER = YES;
				CLANG_WARN_RANGE_LOOP_ANALYSIS = YES;
				CLANG_WARN_STRICT_PROTOTYPES = YES;
				CLANG_WARN_SUSPICIOUS_MOVE = YES;
				CLANG_WARN_UNGUARDED_AVAILABILITY = YES_AGGRESSIVE;
				CLANG_WARN_UNREACHABLE_CODE = YES;
				CLANG_WARN__DUPLICATE_METHOD_MATCH = YES;
				COPY_PHASE_STRIP = NO;
				DEBUG_INFORMATION_FORMAT = "dwarf-with-dsym";
				ENABLE_NS_ASSERTIONS = NO;
				ENABLE_STRICT_OBJC_MSGSEND = YES;
				ENABLE_USER_SCRIPT_SANDBOXING = YES;
				GCC_C_LANGUAGE_STANDARD = gnu17;
				GCC_NO_COMMON_BLOCKS = YES;
				GCC_WARN_64_TO_32_BIT_CONVERSION = YES;
				GCC_WARN_ABOUT_RETURN_TYPE = YES_ERROR;
				GCC_WARN_UNDECLARED_SELECTOR = YES;
				GCC_WARN_UNINITIALIZED_AUTOS = YES_AGGRESSIVE;
				GCC_WARN_UNUSED_FUNCTION = YES;
				GCC_WARN_UNUSED_VARIABLE = YES;
				IPHONEOS_DEPLOYMENT_TARGET = 17.0;
				MTL_ENABLE_DEBUG_INFO = NO;
				MTL_FAST_MATH = YES;
				SDKROOT = iphoneos;
				SWIFT_COMPILATION_MODE = wholemodule;
				VALIDATE_PRODUCT = YES;
			};
			name = Release;
		};
		100000000000000000000903 /* Debug */ = {
			isa = XCBuildConfiguration;
			buildSettings = {
				ASSETCATALOG_COMPILER_APPICON_NAME = AppIcon;
				ASSETCATALOG_COMPILER_GLOBAL_ACCENT_COLOR_NAME = AccentColor;
				CODE_SIGN_STYLE = Automatic;
				CURRENT_PROJECT_VERSION = 1;
				DEVELOPMENT_TEAM = B5SYZ74CFK;
				GENERATE_INFOPLIST_FILE = NO;
				INFOPLIST_FILE = MailBillsScan/Resources/Info.plist;
				IPHONEOS_DEPLOYMENT_TARGET = 17.0;
				LD_RUNPATH_SEARCH_PATHS = (
					"$(inherited)",
					"@executable_path/Frameworks",
				);
				MARKETING_VERSION = 0.1;
				PRODUCT_BUNDLE_IDENTIFIER = com.foobar.mailscan;
				PRODUCT_NAME = "Mail Bills Scan";
				SUPPORTED_PLATFORMS = "iphoneos iphonesimulator";
				SUPPORTS_MACCATALYST = NO;
				SUPPORTS_MAC_DESIGNED_FOR_IPHONE_IPAD = NO;
				SWIFT_EMIT_LOC_STRINGS = YES;
				SWIFT_VERSION = 5.0;
				TARGETED_DEVICE_FAMILY = 1;
			};
			name = Debug;
		};
		100000000000000000000904 /* Release */ = {
			isa = XCBuildConfiguration;
			buildSettings = {
				ASSETCATALOG_COMPILER_APPICON_NAME = AppIcon;
				ASSETCATALOG_COMPILER_GLOBAL_ACCENT_COLOR_NAME = AccentColor;
				CODE_SIGN_STYLE = Automatic;
				CURRENT_PROJECT_VERSION = 1;
				DEVELOPMENT_TEAM = B5SYZ74CFK;
				GENERATE_INFOPLIST_FILE = NO;
				INFOPLIST_FILE = MailBillsScan/Resources/Info.plist;
				IPHONEOS_DEPLOYMENT_TARGET = 17.0;
				LD_RUNPATH_SEARCH_PATHS = (
					"$(inherited)",
					"@executable_path/Frameworks",
				);
				MARKETING_VERSION = 0.1;
				PRODUCT_BUNDLE_IDENTIFIER = com.foobar.mailscan;
				PRODUCT_NAME = "Mail Bills Scan";
				SUPPORTED_PLATFORMS = "iphoneos iphonesimulator";
				SUPPORTS_MACCATALYST = NO;
				SUPPORTS_MAC_DESIGNED_FOR_IPHONE_IPAD = NO;
				SWIFT_EMIT_LOC_STRINGS = YES;
				SWIFT_VERSION = 5.0;
				TARGETED_DEVICE_FAMILY = 1;
			};
			name = Release;
		};
/* End XCBuildConfiguration section */

/* Begin XCConfigurationList section */
		100000000000000000000601 /* Build configuration list for PBXNativeTarget "MailBillsScan" */ = {
			isa = XCConfigurationList;
			buildConfigurations = (
				100000000000000000000903 /* Debug */,
				100000000000000000000904 /* Release */,
			);
			defaultConfigurationIsVisible = 0;
			defaultConfigurationName = Release;
		};
		100000000000000000000602 /* Build configuration list for PBXProject "MailBillsScan" */ = {
			isa = XCConfigurationList;
			buildConfigurations = (
				100000000000000000000901 /* Debug */,
				100000000000000000000902 /* Release */,
			);
			defaultConfigurationIsVisible = 0;
			defaultConfigurationName = Release;
		};
/* End XCConfigurationList section */
	};
	rootObject = 100000000000000000000801 /* Project object */;
}
